<?xml version="1.0" encoding="utf-8"?>
<Project ToolsVersion="4.0" xmlns="http://schemas.microsoft.com/developer/msbuild/2003">
  <ItemGroup>
    <Filter Include="Header Files">
      <UniqueIdentifier>{93995380-89BD-4b04-88EB-625FBE52EBFB}</UniqueIdentifier>
      <Extensions>h;hh;hpp;hxx;hm;inl;inc;xsd</Extensions>
    </Filter>
    <Filter Include="skin">
      <UniqueIdentifier>{7d752092-b6cf-497d-904b-1e00b803a368}</UniqueIdentifier>
    </Filter>
    <Filter Include="Source Files">
      <UniqueIdentifier>{4FC737F1-C7A5-4376-A066-2A32D752A2FF}</UniqueIdentifier>
      <Extensions>cpp;c;cc;cxx;def;odl;idl;hpj;bat;asm;asmx</Extensions>
    </Filter>
    <Filter Include="Resource Files">
      <UniqueIdentifier>{67DA6AB6-F800-4c08-8B7A-83BB121AAD01}</UniqueIdentifier>
      <Extensions>rc;ico;cur;bmp;dlg;rc2;rct;bin;rgs;gif;jpg;jpeg;jpe;resx;tiff;tif;png;wav;mfcribbon-ms</Extensions>
    </Filter>
  </ItemGroup>
  <ItemGroup>
    <ClCompile Include="MainWnd.cpp">
      <Filter>Source Files</Filter>
    </ClCompile>
    <ClCompile Include="StdAfx.cpp">
      <Filter>Source Files</Filter>
    </ClCompile>
    <ClCompile Include="DiskCleaner.cpp">
      <Filter>Source Files</Filter>
    </ClCompile>
  </ItemGroup>
  <ItemGroup>
    <ClInclude Include="MainWnd.h">
      <Filter>Header Files</Filter>
    </ClInclude>
    <ClInclude Include="StdAfx.h">
      <Filter>Header Files</Filter>
    </ClInclude>
  </ItemGroup>
  <ItemGroup>
    <Xml Include="..\bin\skin\MainWnd.xml">
      <Filter>skin</Filter>
    </Xml>
    <Xml Include="..\bin\skin\frontpage.xml">
      <Filter>skin</Filter>
    </Xml>
    <Xml Include="..\bin\skin\logpage.xml">
      <Filter>skin</Filter>
    </Xml>
    <Xml Include="..\bin\skin\portpage.xml">
      <Filter>skin</Filter>
    </Xml>
    <Xml Include="..\bin\skin\Login.xml">
      <Filter>skin</Filter>
    </Xml>
    <Xml Include="..\bin\skin\machineinfo.xml">
      <Filter>skin</Filter>
    </Xml>
    <Xml Include="..\bin\skin\port.xml">
      <Filter>skin</Filter>
    </Xml>
  </ItemGroup>
</Project>